
Microsoft Visual Studio Solution File, Format Version 12.00
# Visual Studio 15
VisualStudioVersion = 15.0.26124.0
MinimumVisualStudioVersion = 15.0.26124.0
Project("{FAE04EC0-301F-11D3-BF4B-00C04F79EFBC}") = "Akka.Persistence.MemoryJournalBenchmark", "src\Akka.Persistence.MemoryJournalBenchmark\Akka.Persistence.MemoryJournalBenchmark.csproj", "{F0809B73-62A8-4146-8D6C-173A4F829FE2}"
EndProject
Project("{FAE04EC0-301F-11D3-BF4B-00C04F79EFBC}") = "Akka.Persistence.BenchmarkHarness", "src\Akka.Persistence.BenchmarkHarness\Akka.Persistence.BenchmarkHarness.csproj", "{C77F0F4D-9013-4029-B405-0024E2825111}"
EndProject
Project("{FAE04EC0-301F-11D3-BF4B-00C04F79EFBC}") = "Akka.Persistence.SqliteBenchmark", "src\Akka.Persistence.SqliteBenchmark\Akka.Persistence.SqliteBenchmark.csproj", "{C194C6E5-ED3E-46B7-842E-06D7F6CFC20D}"
EndProject
Global
	GlobalSection(Performance) = preSolution
		HasPerformanceSessions = true
	EndGlobalSection
	GlobalSection(SolutionConfigurationPlatforms) = preSolution
		Debug|Any CPU = Debug|Any CPU
		Debug|x64 = Debug|x64
		Debug|x86 = Debug|x86
		Release|Any CPU = Release|Any CPU
		Release|x64 = Release|x64
		Release|x86 = Release|x86
	EndGlobalSection
	GlobalSection(ProjectConfigurationPlatforms) = postSolution
		{F0809B73-62A8-4146-8D6C-173A4F829FE2}.Debug|Any CPU.ActiveCfg = Debug|Any CPU
		{F0809B73-62A8-4146-8D6C-173A4F829FE2}.Debug|Any CPU.Build.0 = Debug|Any CPU
		{F0809B73-62A8-4146-8D6C-173A4F829FE2}.Debug|x64.ActiveCfg = Debug|Any CPU
		{F0809B73-62A8-4146-8D6C-173A4F829FE2}.Debug|x64.Build.0 = Debug|Any CPU
		{F0809B73-62A8-4146-8D6C-173A4F829FE2}.Debug|x86.ActiveCfg = Debug|Any CPU
		{F0809B73-62A8-4146-8D6C-173A4F829FE2}.Debug|x86.Build.0 = Debug|Any CPU
		{F0809B73-62A8-4146-8D6C-173A4F829FE2}.Release|Any CPU.ActiveCfg = Release|Any CPU
		{F0809B73-62A8-4146-8D6C-173A4F829FE2}.Release|Any CPU.Build.0 = Release|Any CPU
		{F0809B73-62A8-4146-8D6C-173A4F829FE2}.Release|x64.ActiveCfg = Release|Any CPU
		{F0809B73-62A8-4146-8D6C-173A4F829FE2}.Release|x64.Build.0 = Release|Any CPU
		{F0809B73-62A8-4146-8D6C-173A4F829FE2}.Release|x86.ActiveCfg = Release|Any CPU
		{F0809B73-62A8-4146-8D6C-173A4F829FE2}.Release|x86.Build.0 = Release|Any CPU
		{C77F0F4D-9013-4029-B405-0024E2825111}.Debug|Any CPU.ActiveCfg = Debug|Any CPU
		{C77F0F4D-9013-4029-B405-0024E2825111}.Debug|Any CPU.Build.0 = Debug|Any CPU
		{C77F0F4D-9013-4029-B405-0024E2825111}.Debug|x64.ActiveCfg = Debug|Any CPU
		{C77F0F4D-9013-4029-B405-0024E2825111}.Debug|x64.Build.0 = Debug|Any CPU
		{C77F0F4D-9013-4029-B405-0024E2825111}.Debug|x86.ActiveCfg = Debug|Any CPU
		{C77F0F4D-9013-4029-B405-0024E2825111}.Debug|x86.Build.0 = Debug|Any CPU
		{C77F0F4D-9013-4029-B405-0024E2825111}.Release|Any CPU.ActiveCfg = Release|Any CPU
		{C77F0F4D-9013-4029-B405-0024E2825111}.Release|Any CPU.Build.0 = Release|Any CPU
		{C77F0F4D-9013-4029-B405-0024E2825111}.Release|x64.ActiveCfg = Release|Any CPU
		{C77F0F4D-9013-4029-B405-0024E2825111}.Release|x64.Build.0 = Release|Any CPU
		{C77F0F4D-9013-4029-B405-0024E2825111}.Release|x86.ActiveCfg = Release|Any CPU
		{C77F0F4D-9013-4029-B405-0024E2825111}.Release|x86.Build.0 = Release|Any CPU
		{C194C6E5-ED3E-46B7-842E-06D7F6CFC20D}.Debug|Any CPU.ActiveCfg = Debug|Any CPU
		{C194C6E5-ED3E-46B7-842E-06D7F6CFC20D}.Debug|Any CPU.Build.0 = Debug|Any CPU
		{C194C6E5-ED3E-46B7-842E-06D7F6CFC20D}.Debug|x64.ActiveCfg = Debug|Any CPU
		{C194C6E5-ED3E-46B7-842E-06D7F6CFC20D}.Debug|x64.Build.0 = Debug|Any CPU
		{C194C6E5-ED3E-46B7-842E-06D7F6CFC20D}.Debug|x86.ActiveCfg = Debug|Any CPU
		{C194C6E5-ED3E-46B7-842E-06D7F6CFC20D}.Debug|x86.Build.0 = Debug|Any CPU
		{C194C6E5-ED3E-46B7-842E-06D7F6CFC20D}.Release|Any CPU.ActiveCfg = Release|Any CPU
		{C194C6E5-ED3E-46B7-842E-06D7F6CFC20D}.Release|Any CPU.Build.0 = Release|Any CPU
		{C194C6E5-ED3E-46B7-842E-06D7F6CFC20D}.Release|x64.ActiveCfg = Release|Any CPU
		{C194C6E5-ED3E-46B7-842E-06D7F6CFC20D}.Release|x64.Build.0 = Release|Any CPU
		{C194C6E5-ED3E-46B7-842E-06D7F6CFC20D}.Release|x86.ActiveCfg = Release|Any CPU
		{C194C6E5-ED3E-46B7-842E-06D7F6CFC20D}.Release|x86.Build.0 = Release|Any CPU
	EndGlobalSection
	GlobalSection(SolutionProperties) = preSolution
		HideSolutionNode = FALSE
	EndGlobalSection
	GlobalSection(ExtensibilityGlobals) = postSolution
		SolutionGuid = {1ABD0B94-FA62-41A2-9360-8EF318639B2D}
	EndGlobalSection
EndGlobal
